// !$*UTF8*$!
{
	archiveVersion = 1;
	classes = {
	};
	objectVersion = 56;
	objects = {

/* Begin PBXBuildFile section */
		6C2717992C1B3F960041816B /* Flag.metal in Sources */ = {isa = PBXBuildFile; fileRef = 6C2717972C1B3F960041816B /* Flag.metal */; };
		6C27179A2C1B3F960041816B /* Flag.swift in Sources */ = {isa = PBXBuildFile; fileRef = 6C2717982C1B3F960041816B /* Flag.swift */; };
		6C27179C2C1B3FB30041816B /* LetsVisionOS.png in Resources */ = {isa = PBXBuildFile; fileRef = 6C27179B2C1B3FB30041816B /* LetsVisionOS.png */; };
		6C27179E2C1B40BF0041816B /* AppModel.swift in Sources */ = {isa = PBXBuildFile; fileRef = 6C27179D2C1B40BF0041816B /* AppModel.swift */; };
		6C2717A02C1B40C60041816B /* ToggleImmersiveSpaceButton.swift in Sources */ = {isa = PBXBuildFile; fileRef = 6C27179F2C1B40C60041816B /* ToggleImmersiveSpaceButton.swift */; };
		6C6423BC2C1B3EB400DFCB23 /* RealityComputeShader_FlagV2App.swift in Sources */ = {isa = PBXBuildFile; fileRef = 6C6423BB2C1B3EB400DFCB23 /* RealityComputeShader_FlagV2App.swift */; };
		6C6423BE2C1B3EB400DFCB23 /* ContentView.swift in Sources */ = {isa = PBXBuildFile; fileRef = 6C6423BD2C1B3EB400DFCB23 /* ContentView.swift */; };
		6C6423C02C1B3EB400DFCB23 /* AppModel.swift in Sources */ = {isa = PBXBuildFile; fileRef = 6C6423BF2C1B3EB400DFCB23 /* AppModel.swift */; };
		6C6423C22C1B3EB400DFCB23 /* ToggleImmersiveSpaceButton.swift in Sources */ = {isa = PBXBuildFile; fileRef = 6C6423C12C1B3EB400DFCB23 /* ToggleImmersiveSpaceButton.swift */; };
		6C6423C42C1B3EB400DFCB23 /* ImmersiveView.swift in Sources */ = {isa = PBXBuildFile; fileRef = 6C6423C32C1B3EB400DFCB23 /* ImmersiveView.swift */; };
		6C6423C62C1B3EB500DFCB23 /* Assets.xcassets in Resources */ = {isa = PBXBuildFile; fileRef = 6C6423C52C1B3EB500DFCB23 /* Assets.xcassets */; };
		6C6423C92C1B3EB500DFCB23 /* Preview Assets.xcassets in Resources */ = {isa = PBXBuildFile; fileRef = 6C6423C82C1B3EB500DFCB23 /* Preview Assets.xcassets */; };
		6C74E1F22C15B8050065A88F /* LetsVisionOS.png in Resources */ = {isa = PBXBuildFile; fileRef = 6C74E1F12C15B8050065A88F /* LetsVisionOS.png */; };
		6C77CB732C109474006B920C /* Flag.metal in Sources */ = {isa = PBXBuildFile; fileRef = 6C77CB712C109474006B920C /* Flag.metal */; };
		6C77CB742C109474006B920C /* Flag.swift in Sources */ = {isa = PBXBuildFile; fileRef = 6C77CB722C109474006B920C /* Flag.swift */; };
		6C7C67EE2C1093F700905CFA /* RealityComputeShader_FlagApp.swift in Sources */ = {isa = PBXBuildFile; fileRef = 6C7C67ED2C1093F700905CFA /* RealityComputeShader_FlagApp.swift */; };
		6C7C67F02C1093F700905CFA /* ContentView.swift in Sources */ = {isa = PBXBuildFile; fileRef = 6C7C67EF2C1093F700905CFA /* ContentView.swift */; };
		6C7C67F22C1093F700905CFA /* ImmersiveView.swift in Sources */ = {isa = PBXBuildFile; fileRef = 6C7C67F12C1093F700905CFA /* ImmersiveView.swift */; };
		6C7C67F42C1093F800905CFA /* Assets.xcassets in Resources */ = {isa = PBXBuildFile; fileRef = 6C7C67F32C1093F800905CFA /* Assets.xcassets */; };
		6C7C67F72C1093F800905CFA /* Preview Assets.xcassets in Resources */ = {isa = PBXBuildFile; fileRef = 6C7C67F62C1093F800905CFA /* Preview Assets.xcassets */; };
/* End PBXBuildFile section */

/* Begin PBXFileReference section */
		6C2717972C1B3F960041816B /* Flag.metal */ = {isa = PBXFileReference; lastKnownFileType = sourcecode.metal; path = Flag.metal; sourceTree = "<group>"; };
		6C2717982C1B3F960041816B /* Flag.swift */ = {isa = PBXFileReference; lastKnownFileType = sourcecode.swift; path = Flag.swift; sourceTree = "<group>"; };
		6C27179B2C1B3FB30041816B /* LetsVisionOS.png */ = {isa = PBXFileReference; lastKnownFileType = image.png; path = LetsVisionOS.png; sourceTree = "<group>"; };
		6C27179D2C1B40BF0041816B /* AppModel.swift */ = {isa = PBXFileReference; lastKnownFileType = sourcecode.swift; path = AppModel.swift; sourceTree = "<group>"; };
		6C27179F2C1B40C60041816B /* ToggleImmersiveSpaceButton.swift */ = {isa = PBXFileReference; lastKnownFileType = sourcecode.swift; path = ToggleImmersiveSpaceButton.swift; sourceTree = "<group>"; };
		6C6423B52C1B3EB400DFCB23 /* RealityComputeShader_FlagV2.app */ = {isa = PBXFileReference; explicitFileType = wrapper.application; includeInIndex = 0; path = RealityComputeShader_FlagV2.app; sourceTree = BUILT_PRODUCTS_DIR; };
		6C6423BB2C1B3EB400DFCB23 /* RealityComputeShader_FlagV2App.swift */ = {isa = PBXFileReference; lastKnownFileType = sourcecode.swift; path = RealityComputeShader_FlagV2App.swift; sourceTree = "<group>"; };
		6C6423BD2C1B3EB400DFCB23 /* ContentView.swift */ = {isa = PBXFileReference; lastKnownFileType = sourcecode.swift; path = ContentView.swift; sourceTree = "<group>"; };
		6C6423BF2C1B3EB400DFCB23 /* AppModel.swift */ = {isa = PBXFileReference; lastKnownFileType = sourcecode.swift; path = AppModel.swift; sourceTree = "<group>"; };
		6C6423C12C1B3EB400DFCB23 /* ToggleImmersiveSpaceButton.swift */ = {isa = PBXFileReference; lastKnownFileType = sourcecode.swift; path = ToggleImmersiveSpaceButton.swift; sourceTree = "<group>"; };
		6C6423C32C1B3EB400DFCB23 /* ImmersiveView.swift */ = {isa = PBXFileReference; lastKnownFileType = sourcecode.swift; path = ImmersiveView.swift; sourceTree = "<group>"; };
		6C6423C52C1B3EB500DFCB23 /* Assets.xcassets */ = {isa = PBXFileReference; lastKnownFileType = folder.assetcatalog; path = Assets.xcassets; sourceTree = "<group>"; };
		6C6423C82C1B3EB500DFCB23 /* Preview Assets.xcassets */ = {isa = PBXFileReference; lastKnownFileType = folder.assetcatalog; path = "Preview Assets.xcassets"; sourceTree = "<group>"; };
		6C6423CA2C1B3EB500DFCB23 /* Info.plist */ = {isa = PBXFileReference; lastKnownFileType = text.plist.xml; path = Info.plist; sourceTree = "<group>"; };
		6C74E1F12C15B8050065A88F /* LetsVisionOS.png */ = {isa = PBXFileReference; lastKnownFileType = image.png; path = LetsVisionOS.png; sourceTree = "<group>"; };
		6C77CB712C109474006B920C /* Flag.metal */ = {isa = PBXFileReference; fileEncoding = 4; lastKnownFileType = sourcecode.metal; path = Flag.metal; sourceTree = "<group>"; };
		6C77CB722C109474006B920C /* Flag.swift */ = {isa = PBXFileReference; fileEncoding = 4; lastKnownFileType = sourcecode.swift; path = Flag.swift; sourceTree = "<group>"; };
		6C7C67E62C1093F700905CFA /* RealityComputeShader_Flag.app */ = {isa = PBXFileReference; explicitFileType = wrapper.application; includeInIndex = 0; path = RealityComputeShader_Flag.app; sourceTree = BUILT_PRODUCTS_DIR; };
		6C7C67ED2C1093F700905CFA /* RealityComputeShader_FlagApp.swift */ = {isa = PBXFileReference; lastKnownFileType = sourcecode.swift; path = RealityComputeShader_FlagApp.swift; sourceTree = "<group>"; };
		6C7C67EF2C1093F700905CFA /* ContentView.swift */ = {isa = PBXFileReference; lastKnownFileType = sourcecode.swift; path = ContentView.swift; sourceTree = "<group>"; };
		6C7C67F12C1093F700905CFA /* ImmersiveView.swift */ = {isa = PBXFileReference; lastKnownFileType = sourcecode.swift; path = ImmersiveView.swift; sourceTree = "<group>"; };
		6C7C67F32C1093F800905CFA /* Assets.xcassets */ = {isa = PBXFileReference; lastKnownFileType = folder.assetcatalog; path = Assets.xcassets; sourceTree = "<group>"; };
		6C7C67F62C1093F800905CFA /* Preview Assets.xcassets */ = {isa = PBXFileReference; lastKnownFileType = folder.assetcatalog; path = "Preview Assets.xcassets"; sourceTree = "<group>"; };
		6C7C67F82C1093F800905CFA /* Info.plist */ = {isa = PBXFileReference; lastKnownFileType = text.plist.xml; path = Info.plist; sourceTree = "<group>"; };
/* End PBXFileReference section */

/* Begin PBXFrameworksBuildPhase section */
		6C6423B22C1B3EB400DFCB23 /* Frameworks */ = {
			isa = PBXFrameworksBuildPhase;
			buildActionMask = 2147483647;
			files = (
			);
			runOnlyForDeploymentPostprocessing = 0;
		};
		6C7C67E32C1093F700905CFA /* Frameworks */ = {
			isa = PBXFrameworksBuildPhase;
			buildActionMask = 2147483647;
			files = (
			);
			runOnlyForDeploymentPostprocessing = 0;
		};
/* End PBXFrameworksBuildPhase section */

/* Begin PBXGroup section */
		6C6423B62C1B3EB400DFCB23 /* RealityComputeShader_FlagV2 */ = {
			isa = PBXGroup;
			children = (
				6C6423BB2C1B3EB400DFCB23 /* RealityComputeShader_FlagV2App.swift */,
				6C6423BD2C1B3EB400DFCB23 /* ContentView.swift */,
				6C6423BF2C1B3EB400DFCB23 /* AppModel.swift */,
				6C6423C12C1B3EB400DFCB23 /* ToggleImmersiveSpaceButton.swift */,
				6C6423C32C1B3EB400DFCB23 /* ImmersiveView.swift */,
				6C2717972C1B3F960041816B /* Flag.metal */,
				6C2717982C1B3F960041816B /* Flag.swift */,
				6C27179B2C1B3FB30041816B /* LetsVisionOS.png */,
				6C6423C52C1B3EB500DFCB23 /* Assets.xcassets */,
				6C6423CA2C1B3EB500DFCB23 /* Info.plist */,
				6C6423C72C1B3EB500DFCB23 /* Preview Content */,
			);
			path = RealityComputeShader_FlagV2;
			sourceTree = "<group>";
		};
		6C6423C72C1B3EB500DFCB23 /* Preview Content */ = {
			isa = PBXGroup;
			children = (
				6C6423C82C1B3EB500DFCB23 /* Preview Assets.xcassets */,
			);
			path = "Preview Content";
			sourceTree = "<group>";
		};
		6C7C67DD2C1093F700905CFA = {
			isa = PBXGroup;
			children = (
				6C7C67E82C1093F700905CFA /* RealityComputeShader_Flag */,
				6C6423B62C1B3EB400DFCB23 /* RealityComputeShader_FlagV2 */,
				6C7C67E72C1093F700905CFA /* Products */,
			);
			sourceTree = "<group>";
		};
		6C7C67E72C1093F700905CFA /* Products */ = {
			isa = PBXGroup;
			children = (
				6C7C67E62C1093F700905CFA /* RealityComputeShader_Flag.app */,
				6C6423B52C1B3EB400DFCB23 /* RealityComputeShader_FlagV2.app */,
			);
			name = Products;
			sourceTree = "<group>";
		};
		6C7C67E82C1093F700905CFA /* RealityComputeShader_Flag */ = {
			isa = PBXGroup;
			children = (
				6C7C67ED2C1093F700905CFA /* RealityComputeShader_FlagApp.swift */,
				6C7C67EF2C1093F700905CFA /* ContentView.swift */,
				6C27179D2C1B40BF0041816B /* AppModel.swift */,
				6C7C67F12C1093F700905CFA /* ImmersiveView.swift */,
				6C27179F2C1B40C60041816B /* ToggleImmersiveSpaceButton.swift */,
				6C77CB712C109474006B920C /* Flag.metal */,
				6C77CB722C109474006B920C /* Flag.swift */,
				6C74E1F12C15B8050065A88F /* LetsVisionOS.png */,
				6C7C67F32C1093F800905CFA /* Assets.xcassets */,
				6C7C67F82C1093F800905CFA /* Info.plist */,
				6C7C67F52C1093F800905CFA /* Preview Content */,
			);
			path = RealityComputeShader_Flag;
			sourceTree = "<group>";
		};
		6C7C67F52C1093F800905CFA /* Preview Content */ = {
			isa = PBXGroup;
			children = (
				6C7C67F62C1093F800905CFA /* Preview Assets.xcassets */,
			);
			path = "Preview Content";
			sourceTree = "<group>";
		};
/* End PBXGroup section */

/* Begin PBXNativeTarget section */
		6C6423B42C1B3EB400DFCB23 /* RealityComputeShader_FlagV2 */ = {
			isa = PBXNativeTarget;
			buildConfigurationList = 6C6423CD2C1B3EB500DFCB23 /* Build configuration list for PBXNativeTarget "RealityComputeShader_FlagV2" */;
			buildPhases = (
				6C6423B12C1B3EB400DFCB23 /* Sources */,
				6C6423B22C1B3EB400DFCB23 /* Frameworks */,
				6C6423B32C1B3EB400DFCB23 /* Resources */,
			);
			buildRules = (
			);
			dependencies = (
			);
			name = RealityComputeShader_FlagV2;
			packageProductDependencies = (
			);
			productName = RealityComputeShader_FlagV2;
			productReference = 6C6423B52C1B3EB400DFCB23 /* RealityComputeShader_FlagV2.app */;
			productType = "com.apple.product-type.application";
		};
		6C7C67E52C1093F700905CFA /* RealityComputeShader_Flag */ = {
			isa = PBXNativeTarget;
			buildConfigurationList = 6C7C67FB2C1093F800905CFA /* Build configuration list for PBXNativeTarget "RealityComputeShader_Flag" */;
			buildPhases = (
				6C7C67E22C1093F700905CFA /* Sources */,
				6C7C67E32C1093F700905CFA /* Frameworks */,
				6C7C67E42C1093F700905CFA /* Resources */,
			);
			buildRules = (
			);
			dependencies = (
			);
			name = RealityComputeShader_Flag;
			packageProductDependencies = (
			);
			productName = RealityComputeShader_Flag;
			productReference = 6C7C67E62C1093F700905CFA /* RealityComputeShader_Flag.app */;
			productType = "com.apple.product-type.application";
		};
/* End PBXNativeTarget section */

/* Begin PBXProject section */
		6C7C67DE2C1093F700905CFA /* Project object */ = {
			isa = PBXProject;
			attributes = {
				BuildIndependentTargetsInParallel = 1;
				LastSwiftUpdateCheck = 1600;
				LastUpgradeCheck = 1540;
				TargetAttributes = {
					6C6423B42C1B3EB400DFCB23 = {
						CreatedOnToolsVersion = 16.0;
					};
					6C7C67E52C1093F700905CFA = {
						CreatedOnToolsVersion = 15.4;
					};
				};
			};
			buildConfigurationList = 6C7C67E12C1093F700905CFA /* Build configuration list for PBXProject "RealityComputeShader_Flag" */;
			compatibilityVersion = "Xcode 14.0";
			developmentRegion = en;
			hasScannedForEncodings = 0;
			knownRegions = (
				en,
				Base,
			);
			mainGroup = 6C7C67DD2C1093F700905CFA;
			productRefGroup = 6C7C67E72C1093F700905CFA /* Products */;
			projectDirPath = "";
			projectRoot = "";
			targets = (
				6C7C67E52C1093F700905CFA /* RealityComputeShader_Flag */,
				6C6423B42C1B3EB400DFCB23 /* RealityComputeShader_FlagV2 */,
			);
		};
/* End PBXProject section */

/* Begin PBXResourcesBuildPhase section */
		6C6423B32C1B3EB400DFCB23 /* Resources */ = {
			isa = PBXResourcesBuildPhase;
			buildActionMask = 2147483647;
			files = (
				6C27179C2C1B3FB30041816B /* LetsVisionOS.png in Resources */,
				6C6423C92C1B3EB500DFCB23 /* Preview Assets.xcassets in Resources */,
				6C6423C62C1B3EB500DFCB23 /* Assets.xcassets in Resources */,
			);
			runOnlyForDeploymentPostprocessing = 0;
		};
		6C7C67E42C1093F700905CFA /* Resources */ = {
			isa = PBXResourcesBuildPhase;
			buildActionMask = 2147483647;
			files = (
				6C74E1F22C15B8050065A88F /* LetsVisionOS.png in Resources */,
				6C7C67F72C1093F800905CFA /* Preview Assets.xcassets in Resources */,
				6C7C67F42C1093F800905CFA /* Assets.xcassets in Resources */,
			);
			runOnlyForDeploymentPostprocessing = 0;
		};
/* End PBXResourcesBuildPhase section */

/* Begin PBXSourcesBuildPhase section */
		6C6423B12C1B3EB400DFCB23 /* Sources */ = {
			isa = PBXSourcesBuildPhase;
			buildActionMask = 2147483647;
			files = (
				6C6423C22C1B3EB400DFCB23 /* ToggleImmersiveSpaceButton.swift in Sources */,
				6C6423BE2C1B3EB400DFCB23 /* ContentView.swift in Sources */,
				6C6423C42C1B3EB400DFCB23 /* ImmersiveView.swift in Sources */,
				6C6423C02C1B3EB400DFCB23 /* AppModel.swift in Sources */,
				6C2717992C1B3F960041816B /* Flag.metal in Sources */,
				6C27179A2C1B3F960041816B /* Flag.swift in Sources */,
				6C6423BC2C1B3EB400DFCB23 /* RealityComputeShader_FlagV2App.swift in Sources */,
			);
			runOnlyForDeploymentPostprocessing = 0;
		};
		6C7C67E22C1093F700905CFA /* Sources */ = {
			isa = PBXSourcesBuildPhase;
			buildActionMask = 2147483647;
			files = (
				6C2717A02C1B40C60041816B /* ToggleImmersiveSpaceButton.swift in Sources */,
				6C7C67F02C1093F700905CFA /* ContentView.swift in Sources */,
				6C27179E2C1B40BF0041816B /* AppModel.swift in Sources */,
				6C77CB742C109474006B920C /* Flag.swift in Sources */,
				6C7C67EE2C1093F700905CFA /* RealityComputeShader_FlagApp.swift in Sources */,
				6C7C67F22C1093F700905CFA /* ImmersiveView.swift in Sources */,
				6C77CB732C109474006B920C /* Flag.metal in Sources */,
			);
			runOnlyForDeploymentPostprocessing = 0;
		};
/* End PBXSourcesBuildPhase section */

/* Begin XCBuildConfiguration section */
		6C6423CB2C1B3EB500DFCB23 /* Debug */ = {
			isa = XCBuildConfiguration;
			buildSettings = {
				ASSETCATALOG_COMPILER_APPICON_NAME = AppIcon;
				ASSETCATALOG_COMPILER_GLOBAL_ACCENT_COLOR_NAME = AccentColor;
				CODE_SIGN_STYLE = Automatic;
				CURRENT_PROJECT_VERSION = 1;
				DEVELOPMENT_ASSET_PATHS = "\"RealityComputeShader_FlagV2/Preview Content\"";
				DEVELOPMENT_TEAM = 67UBXXU7S9;
				ENABLE_PREVIEWS = YES;
				GENERATE_INFOPLIST_FILE = YES;
				INFOPLIST_FILE = "$(TARGET_NAME)/Info.plist";
				LD_RUNPATH_SEARCH_PATHS = (
					"$(inherited)",
					"@executable_path/Frameworks",
				);
				MARKETING_VERSION = 1.0;
				PRODUCT_BUNDLE_IDENTIFIER = "com.reality.RealityComputeShader-FlagV2";
				PRODUCT_NAME = "$(TARGET_NAME)";
				SUPPORTED_PLATFORMS = "xros xrsimulator";
				SWIFT_EMIT_LOC_STRINGS = YES;
				SWIFT_VERSION = 5.0;
				TARGETED_DEVICE_FAMILY = 7;
				XROS_DEPLOYMENT_TARGET = 2.0;
			};
			name = Debug;
		};
		6C6423CC2C1B3EB500DFCB23 /* Release */ = {
			isa = XCBuildConfiguration;
			buildSettings = {
				ASSETCATALOG_COMPILER_APPICON_NAME = AppIcon;
				ASSETCATALOG_COMPILER_GLOBAL_ACCENT_COLOR_NAME = AccentColor;
				CODE_SIGN_STYLE = Automatic;
				CURRENT_PROJECT_VERSION = 1;
				DEVELOPMENT_ASSET_PATHS = "\"RealityComputeShader_FlagV2/Preview Content\"";
				DEVELOPMENT_TEAM = 67UBXXU7S9;
				ENABLE_PREVIEWS = YES;
				GENERATE_INFOPLIST_FILE = YES;
				INFOPLIST_FILE = "$(TARGET_NAME)/Info.plist";
				LD_RUNPATH_SEARCH_PATHS = (
					"$(inherited)",
					"@executable_path/Frameworks",
				);
				MARKETING_VERSION = 1.0;
				PRODUCT_BUNDLE_IDENTIFIER = "com.reality.RealityComputeShader-FlagV2";
				PRODUCT_NAME = "$(TARGET_NAME)";
				SUPPORTED_PLATFORMS = "xros xrsimulator";
				SWIFT_EMIT_LOC_STRINGS = YES;
				SWIFT_VERSION = 5.0;
				TARGETED_DEVICE_FAMILY = 7;
				XROS_DEPLOYMENT_TARGET = 2.0;
			};
			name = Release;
		};
		6C7C67F92C1093F800905CFA /* Debug */ = {
			isa = XCBuildConfiguration;
			buildSettings = {
				ALWAYS_SEARCH_USER_PATHS = NO;
				ASSETCATALOG_COMPILER_GENERATE_SWIFT_ASSET_SYMBOL_EXTENSIONS = YES;
				CLANG_ANALYZER_NONNULL = YES;
				CLANG_ANALYZER_NUMBER_OBJECT_CONVERSION = YES_AGGRESSIVE;
				CLANG_CXX_LANGUAGE_STANDARD = "gnu++20";
				CLANG_ENABLE_MODULES = YES;
				CLANG_ENABLE_OBJC_ARC = YES;
				CLANG_ENABLE_OBJC_WEAK = YES;
				CLANG_WARN_BLOCK_CAPTURE_AUTORELEASING = YES;
				CLANG_WARN_BOOL_CONVERSION = YES;
				CLANG_WARN_COMMA = YES;
				CLANG_WARN_CONSTANT_CONVERSION = YES;
				CLANG_WARN_DEPRECATED_OBJC_IMPLEMENTATIONS = YES;
				CLANG_WARN_DIRECT_OBJC_ISA_USAGE = YES_ERROR;
				CLANG_WARN_DOCUMENTATION_COMMENTS = YES;
				CLANG_WARN_EMPTY_BODY = YES;
				CLANG_WARN_ENUM_CONVERSION = YES;
				CLANG_WARN_INFINITE_RECURSION = YES;
				CLANG_WARN_INT_CONVERSION = YES;
				CLANG_WARN_NON_LITERAL_NULL_CONVERSION = YES;
				CLANG_WARN_OBJC_IMPLICIT_RETAIN_SELF = YES;
				CLANG_WARN_OBJC_LITERAL_CONVERSION = YES;
				CLANG_WARN_OBJC_ROOT_CLASS = YES_ERROR;
				CLANG_WARN_QUOTED_INCLUDE_IN_FRAMEWORK_HEADER = YES;
				CLANG_WARN_RANGE_LOOP_ANALYSIS = YES;
				CLANG_WARN_STRICT_PROTOTYPES = YES;
				CLANG_WARN_SUSPICIOUS_MOVE = YES;
				CLANG_WARN_UNGUARDED_AVAILABILITY = YES_AGGRESSIVE;
				CLANG_WARN_UNREACHABLE_CODE = YES;
				CLANG_WARN__DUPLICATE_METHOD_MATCH = YES;
				COPY_PHASE_STRIP = NO;
				DEBUG_INFORMATION_FORMAT = dwarf;
				ENABLE_STRICT_OBJC_MSGSEND = YES;
				ENABLE_TESTABILITY = YES;
				ENABLE_USER_SCRIPT_SANDBOXING = YES;
				GCC_C_LANGUAGE_STANDARD = gnu17;
				GCC_DYNAMIC_NO_PIC = NO;
				GCC_NO_COMMON_BLOCKS = YES;
				GCC_OPTIMIZATION_LEVEL = 0;
				GCC_PREPROCESSOR_DEFINITIONS = (
					"DEBUG=1",
					"$(inherited)",
				);
				GCC_WARN_64_TO_32_BIT_CONVERSION = YES;
				GCC_WARN_ABOUT_RETURN_TYPE = YES_ERROR;
				GCC_WARN_UNDECLARED_SELECTOR = YES;
				GCC_WARN_UNINITIALIZED_AUTOS = YES_AGGRESSIVE;
				GCC_WARN_UNUSED_FUNCTION = YES;
				GCC_WARN_UNUSED_VARIABLE = YES;
				LOCALIZATION_PREFERS_STRING_CATALOGS = YES;
				MTL_ENABLE_DEBUG_INFO = INCLUDE_SOURCE;
				MTL_FAST_MATH = YES;
				ONLY_ACTIVE_ARCH = YES;
				SDKROOT = xros;
				SWIFT_ACTIVE_COMPILATION_CONDITIONS = "DEBUG $(inherited)";
				SWIFT_OPTIMIZATION_LEVEL = "-Onone";
				XROS_DEPLOYMENT_TARGET = 1.2;
			};
			name = Debug;
		};
		6C7C67FA2C1093F800905CFA /* Release */ = {
			isa = XCBuildConfiguration;
			buildSettings = {
				ALWAYS_SEARCH_USER_PATHS = NO;
				ASSETCATALOG_COMPILER_GENERATE_SWIFT_ASSET_SYMBOL_EXTENSIONS = YES;
				CLANG_ANALYZER_NONNULL = YES;
				CLANG_ANALYZER_NUMBER_OBJECT_CONVERSION = YES_AGGRESSIVE;
				CLANG_CXX_LANGUAGE_STANDARD = "gnu++20";
				CLANG_ENABLE_MODULES = YES;
				CLANG_ENABLE_OBJC_ARC = YES;
				CLANG_ENABLE_OBJC_WEAK = YES;
				CLANG_WARN_BLOCK_CAPTURE_AUTORELEASING = YES;
				CLANG_WARN_BOOL_CONVERSION = YES;
				CLANG_WARN_COMMA = YES;
				CLANG_WARN_CONSTANT_CONVERSION = YES;
				CLANG_WARN_DEPRECATED_OBJC_IMPLEMENTATIONS = YES;
				CLANG_WARN_DIRECT_OBJC_ISA_USAGE = YES_ERROR;
				CLANG_WARN_DOCUMENTATION_COMMENTS = YES;
				CLANG_WARN_EMPTY_BODY = YES;
				CLANG_WARN_ENUM_CONVERSION = YES;
				CLANG_WARN_INFINITE_RECURSION = YES;
				CLANG_WARN_INT_CONVERSION = YES;
				CLANG_WARN_NON_LITERAL_NULL_CONVERSION = YES;
				CLANG_WARN_OBJC_IMPLICIT_RETAIN_SELF = YES;
				CLANG_WARN_OBJC_LITERAL_CONVERSION = YES;
				CLANG_WARN_OBJC_ROOT_CLASS = YES_ERROR;
				CLANG_WARN_QUOTED_INCLUDE_IN_FRAMEWORK_HEADER = YES;
				CLANG_WARN_RANGE_LOOP_ANALYSIS = YES;
				CLANG_WARN_STRICT_PROTOTYPES = YES;
				CLANG_WARN_SUSPICIOUS_MOVE = YES;
				CLANG_WARN_UNGUARDED_AVAILABILITY = YES_AGGRESSIVE;
				CLANG_WARN_UNREACHABLE_CODE = YES;
				CLANG_WARN__DUPLICATE_METHOD_MATCH = YES;
				COPY_PHASE_STRIP = NO;
				DEBUG_INFORMATION_FORMAT = "dwarf-with-dsym";
				ENABLE_NS_ASSERTIONS = NO;
				ENABLE_STRICT_OBJC_MSGSEND = YES;
				ENABLE_USER_SCRIPT_SANDBOXING = YES;
				GCC_C_LANGUAGE_STANDARD = gnu17;
				GCC_NO_COMMON_BLOCKS = YES;
				GCC_WARN_64_TO_32_BIT_CONVERSION = YES;
				GCC_WARN_ABOUT_RETURN_TYPE = YES_ERROR;
				GCC_WARN_UNDECLARED_SELECTOR = YES;
				GCC_WARN_UNINITIALIZED_AUTOS = YES_AGGRESSIVE;
				GCC_WARN_UNUSED_FUNCTION = YES;
				GCC_WARN_UNUSED_VARIABLE = YES;
				LOCALIZATION_PREFERS_STRING_CATALOGS = YES;
				MTL_ENABLE_DEBUG_INFO = NO;
				MTL_FAST_MATH = YES;
				SDKROOT = xros;
				SWIFT_COMPILATION_MODE = wholemodule;
				VALIDATE_PRODUCT = YES;
				XROS_DEPLOYMENT_TARGET = 1.2;
			};
			name = Release;
		};
		6C7C67FC2C1093F800905CFA /* Debug */ = {
			isa = XCBuildConfiguration;
			buildSettings = {
				ASSETCATALOG_COMPILER_APPICON_NAME = AppIcon;
				ASSETCATALOG_COMPILER_GLOBAL_ACCENT_COLOR_NAME = AccentColor;
				CODE_SIGN_STYLE = Automatic;
				CURRENT_PROJECT_VERSION = 1;
				DEVELOPMENT_ASSET_PATHS = "\"RealityComputeShader_Flag/Preview Content\"";
				DEVELOPMENT_TEAM = 67UBXXU7S9;
				ENABLE_PREVIEWS = YES;
				GENERATE_INFOPLIST_FILE = YES;
				INFOPLIST_FILE = "$(TARGET_NAME)/Info.plist";
				LD_RUNPATH_SEARCH_PATHS = (
					"$(inherited)",
					"@executable_path/Frameworks",
				);
				MARKETING_VERSION = 1.0;
				PRODUCT_BUNDLE_IDENTIFIER = "com.reality.RealityComputeShader-Flag";
				PRODUCT_NAME = "$(TARGET_NAME)";
				SUPPORTED_PLATFORMS = "xros xrsimulator";
				SWIFT_EMIT_LOC_STRINGS = YES;
				SWIFT_VERSION = 5.0;
				TARGETED_DEVICE_FAMILY = "1,2,7";
			};
			name = Debug;
		};
		6C7C67FD2C1093F800905CFA /* Release */ = {
			isa = XCBuildConfiguration;
			buildSettings = {
				ASSETCATALOG_COMPILER_APPICON_NAME = AppIcon;
				ASSETCATALOG_COMPILER_GLOBAL_ACCENT_COLOR_NAME = AccentColor;
				CODE_SIGN_STYLE = Automatic;
				CURRENT_PROJECT_VERSION = 1;
				DEVELOPMENT_ASSET_PATHS = "\"RealityComputeShader_Flag/Preview Content\"";
				DEVELOPMENT_TEAM = 67UBXXU7S9;
				ENABLE_PREVIEWS = YES;
				GENERATE_INFOPLIST_FILE = YES;
				INFOPLIST_FILE = "$(TARGET_NAME)/Info.plist";
				LD_RUNPATH_SEARCH_PATHS = (
					"$(inherited)",
					"@executable_path/Frameworks",
				);
				MARKETING_VERSION = 1.0;
				PRODUCT_BUNDLE_IDENTIFIER = "com.reality.RealityComputeShader-Flag";
				PRODUCT_NAME = "$(TARGET_NAME)";
				SUPPORTED_PLATFORMS = "xros xrsimulator";
				SWIFT_EMIT_LOC_STRINGS = YES;
				SWIFT_VERSION = 5.0;
				TARGETED_DEVICE_FAMILY = "1,2,7";
			};
			name = Release;
		};
/* End XCBuildConfiguration section */

/* Begin XCConfigurationList section */
		6C6423CD2C1B3EB500DFCB23 /* Build configuration list for PBXNativeTarget "RealityComputeShader_FlagV2" */ = {
			isa = XCConfigurationList;
			buildConfigurations = (
				6C6423CB2C1B3EB500DFCB23 /* Debug */,
				6C6423CC2C1B3EB500DFCB23 /* Release */,
			);
			defaultConfigurationIsVisible = 0;
			defaultConfigurationName = Release;
		};
		6C7C67E12C1093F700905CFA /* Build configuration list for PBXProject "RealityComputeShader_Flag" */ = {
			isa = XCConfigurationList;
			buildConfigurations = (
				6C7C67F92C1093F800905CFA /* Debug */,
				6C7C67FA2C1093F800905CFA /* Release */,
			);
			defaultConfigurationIsVisible = 0;
			defaultConfigurationName = Release;
		};
		6C7C67FB2C1093F800905CFA /* Build configuration list for PBXNativeTarget "RealityComputeShader_Flag" */ = {
			isa = XCConfigurationList;
			buildConfigurations = (
				6C7C67FC2C1093F800905CFA /* Debug */,
				6C7C67FD2C1093F800905CFA /* Release */,
			);
			defaultConfigurationIsVisible = 0;
			defaultConfigurationName = Release;
		};
/* End XCConfigurationList section */
	};
	rootObject = 6C7C67DE2C1093F700905CFA /* Project object */;
}
